
Microsoft Visual Studio Solution File, Format Version 12.00
# Visual Studio 14
VisualStudioVersion = 14.0.25123.0
MinimumVisualStudioVersion = 10.0.40219.1
Project("{FAE04EC0-301F-11D3-BF4B-00C04F79EFBC}") = "Com.HSJF.HATS.Web", "Com.HSJF.HATS.Web\Com.HSJF.HATS.Web.csproj", "{40F6A085-EF60-43EF-A9F9-A6645ED5B654}"
EndProject
Project("{FAE04EC0-301F-11D3-BF4B-00C04F79EFBC}") = "Com.HSJF.HATS.Web.Tests", "Com.HSJF.HATS.Web.Tests\Com.HSJF.HATS.Web.Tests.csproj", "{B781775F-4D9C-4D9A-9689-0828156184D7}"
EndProject
Project("{FAE04EC0-301F-11D3-BF4B-00C04F79EFBC}") = "Com.HSJF.HATS.FrameWork", "Com.HSJF.HATS.FrameWork\Com.HSJF.HATS.FrameWork.csproj", "{A5C04C34-E187-40CD-8AD2-314F348EE9FE}"
EndProject
Project("{FAE04EC0-301F-11D3-BF4B-00C04F79EFBC}") = "Com.HSJF.HATS.BLL", "Com.HSJF.HATS.BLL\Com.HSJF.HATS.BLL.csproj", "{8A177A64-D29D-4DD6-9675-DAE4C4FE45F6}"
EndProject
Global
	GlobalSection(SolutionConfigurationPlatforms) = preSolution
		Debug|Any CPU = Debug|Any CPU
		Debug|ARM = Debug|ARM
		Debug|x64 = Debug|x64
		Debug|x86 = Debug|x86
		Release|Any CPU = Release|Any CPU
		Release|ARM = Release|ARM
		Release|x64 = Release|x64
		Release|x86 = Release|x86
	EndGlobalSection
	GlobalSection(ProjectConfigurationPlatforms) = postSolution
		{40F6A085-EF60-43EF-A9F9-A6645ED5B654}.Debug|Any CPU.ActiveCfg = Debug|Any CPU
		{40F6A085-EF60-43EF-A9F9-A6645ED5B654}.Debug|Any CPU.Build.0 = Debug|Any CPU
		{40F6A085-EF60-43EF-A9F9-A6645ED5B654}.Debug|ARM.ActiveCfg = Debug|Any CPU
		{40F6A085-EF60-43EF-A9F9-A6645ED5B654}.Debug|ARM.Build.0 = Debug|Any CPU
		{40F6A085-EF60-43EF-A9F9-A6645ED5B654}.Debug|x64.ActiveCfg = Debug|Any CPU
		{40F6A085-EF60-43EF-A9F9-A6645ED5B654}.Debug|x64.Build.0 = Debug|Any CPU
		{40F6A085-EF60-43EF-A9F9-A6645ED5B654}.Debug|x86.ActiveCfg = Debug|Any CPU
		{40F6A085-EF60-43EF-A9F9-A6645ED5B654}.Debug|x86.Build.0 = Debug|Any CPU
		{40F6A085-EF60-43EF-A9F9-A6645ED5B654}.Release|Any CPU.ActiveCfg = Release|Any CPU
		{40F6A085-EF60-43EF-A9F9-A6645ED5B654}.Release|Any CPU.Build.0 = Release|Any CPU
		{40F6A085-EF60-43EF-A9F9-A6645ED5B654}.Release|ARM.ActiveCfg = Release|Any CPU
		{40F6A085-EF60-43EF-A9F9-A6645ED5B654}.Release|ARM.Build.0 = Release|Any CPU
		{40F6A085-EF60-43EF-A9F9-A6645ED5B654}.Release|x64.ActiveCfg = Release|Any CPU
		{40F6A085-EF60-43EF-A9F9-A6645ED5B654}.Release|x64.Build.0 = Release|Any CPU
		{40F6A085-EF60-43EF-A9F9-A6645ED5B654}.Release|x86.ActiveCfg = Release|Any CPU
		{40F6A085-EF60-43EF-A9F9-A6645ED5B654}.Release|x86.Build.0 = Release|Any CPU
		{B781775F-4D9C-4D9A-9689-0828156184D7}.Debug|Any CPU.ActiveCfg = Debug|Any CPU
		{B781775F-4D9C-4D9A-9689-0828156184D7}.Debug|Any CPU.Build.0 = Debug|Any CPU
		{B781775F-4D9C-4D9A-9689-0828156184D7}.Debug|ARM.ActiveCfg = Debug|Any CPU
		{B781775F-4D9C-4D9A-9689-0828156184D7}.Debug|ARM.Build.0 = Debug|Any CPU
		{B781775F-4D9C-4D9A-9689-0828156184D7}.Debug|x64.ActiveCfg = Debug|Any CPU
		{B781775F-4D9C-4D9A-9689-0828156184D7}.Debug|x64.Build.0 = Debug|Any CPU
		{B781775F-4D9C-4D9A-9689-0828156184D7}.Debug|x86.ActiveCfg = Debug|Any CPU
		{B781775F-4D9C-4D9A-9689-0828156184D7}.Debug|x86.Build.0 = Debug|Any CPU
		{B781775F-4D9C-4D9A-9689-0828156184D7}.Release|Any CPU.ActiveCfg = Release|Any CPU
		{B781775F-4D9C-4D9A-9689-0828156184D7}.Release|Any CPU.Build.0 = Release|Any CPU
		{B781775F-4D9C-4D9A-9689-0828156184D7}.Release|ARM.ActiveCfg = Release|Any CPU
		{B781775F-4D9C-4D9A-9689-0828156184D7}.Release|ARM.Build.0 = Release|Any CPU
		{B781775F-4D9C-4D9A-9689-0828156184D7}.Release|x64.ActiveCfg = Release|Any CPU
		{B781775F-4D9C-4D9A-9689-0828156184D7}.Release|x64.Build.0 = Release|Any CPU
		{B781775F-4D9C-4D9A-9689-0828156184D7}.Release|x86.ActiveCfg = Release|Any CPU
		{B781775F-4D9C-4D9A-9689-0828156184D7}.Release|x86.Build.0 = Release|Any CPU
		{A5C04C34-E187-40CD-8AD2-314F348EE9FE}.Debug|Any CPU.ActiveCfg = Debug|Any CPU
		{A5C04C34-E187-40CD-8AD2-314F348EE9FE}.Debug|Any CPU.Build.0 = Debug|Any CPU
		{A5C04C34-E187-40CD-8AD2-314F348EE9FE}.Debug|ARM.ActiveCfg = Debug|Any CPU
		{A5C04C34-E187-40CD-8AD2-314F348EE9FE}.Debug|ARM.Build.0 = Debug|Any CPU
		{A5C04C34-E187-40CD-8AD2-314F348EE9FE}.Debug|x64.ActiveCfg = Debug|Any CPU
		{A5C04C34-E187-40CD-8AD2-314F348EE9FE}.Debug|x64.Build.0 = Debug|Any CPU
		{A5C04C34-E187-40CD-8AD2-314F348EE9FE}.Debug|x86.ActiveCfg = Debug|Any CPU
		{A5C04C34-E187-40CD-8AD2-314F348EE9FE}.Debug|x86.Build.0 = Debug|Any CPU
		{A5C04C34-E187-40CD-8AD2-314F348EE9FE}.Release|Any CPU.ActiveCfg = Release|Any CPU
		{A5C04C34-E187-40CD-8AD2-314F348EE9FE}.Release|Any CPU.Build.0 = Release|Any CPU
		{A5C04C34-E187-40CD-8AD2-314F348EE9FE}.Release|ARM.ActiveCfg = Release|Any CPU
		{A5C04C34-E187-40CD-8AD2-314F348EE9FE}.Release|ARM.Build.0 = Release|Any CPU
		{A5C04C34-E187-40CD-8AD2-314F348EE9FE}.Release|x64.ActiveCfg = Release|Any CPU
		{A5C04C34-E187-40CD-8AD2-314F348EE9FE}.Release|x64.Build.0 = Release|Any CPU
		{A5C04C34-E187-40CD-8AD2-314F348EE9FE}.Release|x86.ActiveCfg = Release|Any CPU
		{A5C04C34-E187-40CD-8AD2-314F348EE9FE}.Release|x86.Build.0 = Release|Any CPU
		{8A177A64-D29D-4DD6-9675-DAE4C4FE45F6}.Debug|Any CPU.ActiveCfg = Debug|Any CPU
		{8A177A64-D29D-4DD6-9675-DAE4C4FE45F6}.Debug|Any CPU.Build.0 = Debug|Any CPU
		{8A177A64-D29D-4DD6-9675-DAE4C4FE45F6}.Debug|ARM.ActiveCfg = Debug|Any CPU
		{8A177A64-D29D-4DD6-9675-DAE4C4FE45F6}.Debug|ARM.Build.0 = Debug|Any CPU
		{8A177A64-D29D-4DD6-9675-DAE4C4FE45F6}.Debug|x64.ActiveCfg = Debug|Any CPU
		{8A177A64-D29D-4DD6-9675-DAE4C4FE45F6}.Debug|x64.Build.0 = Debug|Any CPU
		{8A177A64-D29D-4DD6-9675-DAE4C4FE45F6}.Debug|x86.ActiveCfg = Debug|Any CPU
		{8A177A64-D29D-4DD6-9675-DAE4C4FE45F6}.Debug|x86.Build.0 = Debug|Any CPU
		{8A177A64-D29D-4DD6-9675-DAE4C4FE45F6}.Release|Any CPU.ActiveCfg = Release|Any CPU
		{8A177A64-D29D-4DD6-9675-DAE4C4FE45F6}.Release|Any CPU.Build.0 = Release|Any CPU
		{8A177A64-D29D-4DD6-9675-DAE4C4FE45F6}.Release|ARM.ActiveCfg = Release|Any CPU
		{8A177A64-D29D-4DD6-9675-DAE4C4FE45F6}.Release|ARM.Build.0 = Release|Any CPU
		{8A177A64-D29D-4DD6-9675-DAE4C4FE45F6}.Release|x64.ActiveCfg = Release|Any CPU
		{8A177A64-D29D-4DD6-9675-DAE4C4FE45F6}.Release|x64.Build.0 = Release|Any CPU
		{8A177A64-D29D-4DD6-9675-DAE4C4FE45F6}.Release|x86.ActiveCfg = Release|Any CPU
		{8A177A64-D29D-4DD6-9675-DAE4C4FE45F6}.Release|x86.Build.0 = Release|Any CPU
	EndGlobalSection
	GlobalSection(SolutionProperties) = preSolution
		HideSolutionNode = FALSE
	EndGlobalSection
EndGlobal
